
Microsoft Visual Studio Solution File, Format Version 12.00
# Visual Studio Version 16
VisualStudioVersion = 16.0.30225.117
MinimumVisualStudioVersion = 10.0.40219.1
Project("{FAE04EC0-301F-11D3-BF4B-00C04F79EFBC}") = "Tfx", "Tfx\Tfx.csproj", "{E0539579-E28F-424F-91C9-EB1311672D66}"
EndProject
Global
	GlobalSection(SolutionConfigurationPlatforms) = preSolution
		Debug|Any CPU = Debug|Any CPU
		Release|Any CPU = Release|Any CPU
	EndGlobalSection
	GlobalSection(ProjectConfigurationPlatforms) = postSolution
		{E0539579-E28F-424F-91C9-EB1311672D66}.Debug|Any CPU.ActiveCfg = Debug|Any CPU
		{E0539579-E28F-424F-91C9-EB1311672D66}.Debug|Any CPU.Build.0 = Debug|Any CPU
		{E0539579-E28F-424F-91C9-EB1311672D66}.Release|Any CPU.ActiveCfg = Release|Any CPU
		{E0539579-E28F-424F-91C9-EB1311672D66}.Release|Any CPU.Build.0 = Release|Any CPU
	EndGlobalSection
	GlobalSection(SolutionProperties) = preSolution
		HideSolutionNode = FALSE
	EndGlobalSection
	GlobalSection(ExtensibilityGlobals) = postSolution
		SolutionGuid = {463B3D6E-BAB8-4D9F-80DE-7266DE4B2B78}
	EndGlobalSection
EndGlobal
